
Microsoft Visual Studio Solution File, Format Version 12.00
# Visual Studio Version 16
VisualStudioVersion = 16.0.29905.134
MinimumVisualStudioVersion = 10.0.40219.1
Project("{FAE04EC0-301F-11D3-BF4B-00C04F79EFBC}") = "JobsApp", "JobsApp\JobsApp.csproj", "{AD254A26-92F7-4A30-ABB3-1B22BB807AB6}"
EndProject
Project("{FAE04EC0-301F-11D3-BF4B-00C04F79EFBC}") = "JobsApp.Core", "JobsApp.Core\JobsApp.Core.csproj", "{2B7A157A-A959-4B51-AF8A-6B698E7BFD54}"
EndProject
Project("{FAE04EC0-301F-11D3-BF4B-00C04F79EFBC}") = "JobsApp.Infrastructure", "JobsApp.Infrastructure\JobsApp.Infrastructure.csproj", "{A1E2216A-6324-46EA-94E2-587D2FE65541}"
EndProject
Global
	GlobalSection(SolutionConfigurationPlatforms) = preSolution
		Debug|Any CPU = Debug|Any CPU
		Release|Any CPU = Release|Any CPU
	EndGlobalSection
	GlobalSection(ProjectConfigurationPlatforms) = postSolution
		{AD254A26-92F7-4A30-ABB3-1B22BB807AB6}.Debug|Any CPU.ActiveCfg = Debug|Any CPU
		{AD254A26-92F7-4A30-ABB3-1B22BB807AB6}.Debug|Any CPU.Build.0 = Debug|Any CPU
		{AD254A26-92F7-4A30-ABB3-1B22BB807AB6}.Release|Any CPU.ActiveCfg = Release|Any CPU
		{AD254A26-92F7-4A30-ABB3-1B22BB807AB6}.Release|Any CPU.Build.0 = Release|Any CPU
		{2B7A157A-A959-4B51-AF8A-6B698E7BFD54}.Debug|Any CPU.ActiveCfg = Debug|Any CPU
		{2B7A157A-A959-4B51-AF8A-6B698E7BFD54}.Debug|Any CPU.Build.0 = Debug|Any CPU
		{2B7A157A-A959-4B51-AF8A-6B698E7BFD54}.Release|Any CPU.ActiveCfg = Release|Any CPU
		{2B7A157A-A959-4B51-AF8A-6B698E7BFD54}.Release|Any CPU.Build.0 = Release|Any CPU
		{A1E2216A-6324-46EA-94E2-587D2FE65541}.Debug|Any CPU.ActiveCfg = Debug|Any CPU
		{A1E2216A-6324-46EA-94E2-587D2FE65541}.Debug|Any CPU.Build.0 = Debug|Any CPU
		{A1E2216A-6324-46EA-94E2-587D2FE65541}.Release|Any CPU.ActiveCfg = Release|Any CPU
		{A1E2216A-6324-46EA-94E2-587D2FE65541}.Release|Any CPU.Build.0 = Release|Any CPU
	EndGlobalSection
	GlobalSection(SolutionProperties) = preSolution
		HideSolutionNode = FALSE
	EndGlobalSection
	GlobalSection(ExtensibilityGlobals) = postSolution
		SolutionGuid = {DF1DB813-BE52-4F9A-99F7-D9606CE1FBCB}
	EndGlobalSection
EndGlobal
